
Microsoft Visual Studio Solution File, Format Version 12.00
# Visual Studio Version 17
VisualStudioVersion = 17.3.32811.315
MinimumVisualStudioVersion = 10.0.40219.1
Project("{9A19103F-16F7-4668-BE54-9A1E7A4F7556}") = "BlazorWasm", "BlazorWasm\BlazorWasm.csproj", "{60BF4309-3081-4312-80D0-37C2A74836A7}"
EndProject
Project("{FAE04EC0-301F-11D3-BF4B-00C04F79EFBC}") = "WeatherApiWasm", "WeatherApiWasm\WeatherApiWasm.csproj", "{5647236A-37ED-4204-BF87-146C815F2F1E}"
EndProject
Global
	GlobalSection(SolutionConfigurationPlatforms) = preSolution
		Debug|Any CPU = Debug|Any CPU
		Release|Any CPU = Release|Any CPU
	EndGlobalSection
	GlobalSection(ProjectConfigurationPlatforms) = postSolution
		{60BF4309-3081-4312-80D0-37C2A74836A7}.Debug|Any CPU.ActiveCfg = Debug|Any CPU
		{60BF4309-3081-4312-80D0-37C2A74836A7}.Debug|Any CPU.Build.0 = Debug|Any CPU
		{60BF4309-3081-4312-80D0-37C2A74836A7}.Release|Any CPU.ActiveCfg = Release|Any CPU
		{60BF4309-3081-4312-80D0-37C2A74836A7}.Release|Any CPU.Build.0 = Release|Any CPU
		{5647236A-37ED-4204-BF87-146C815F2F1E}.Debug|Any CPU.ActiveCfg = Debug|Any CPU
		{5647236A-37ED-4204-BF87-146C815F2F1E}.Debug|Any CPU.Build.0 = Debug|Any CPU
		{5647236A-37ED-4204-BF87-146C815F2F1E}.Release|Any CPU.ActiveCfg = Release|Any CPU
		{5647236A-37ED-4204-BF87-146C815F2F1E}.Release|Any CPU.Build.0 = Release|Any CPU
	EndGlobalSection
	GlobalSection(SolutionProperties) = preSolution
		HideSolutionNode = FALSE
	EndGlobalSection
	GlobalSection(ExtensibilityGlobals) = postSolution
		SolutionGuid = {D891714C-9809-41ED-B696-3753E4758DE2}
	EndGlobalSection
EndGlobal
